// !$*UTF8*$!
{
	archiveVersion = 1;
	classes = {
	};
	objectVersion = 48;
	objects = {

/* Begin PBXBuildFile section */
		2BB9A88C5AB6E3B81E871800 /* Pods_ClassMateUITests.framework in Frameworks */ = {isa = PBXBuildFile; fileRef = 224600812E67F237D3E9149D /* Pods_ClassMateUITests.framework */; };
		2EABA2B404311649D0A52DBB /* Pods_ClassMate.framework in Frameworks */ = {isa = PBXBuildFile; fileRef = DBD2A7AA371E9B10F0E97F8D /* Pods_ClassMate.framework */; };
		600587F91FD503F700615904 /* HomeViewController.swift in Sources */ = {isa = PBXBuildFile; fileRef = 600587F81FD503F700615904 /* HomeViewController.swift */; };
		604174041FDF1CCC005BBCBA /* image1.jpg in Resources */ = {isa = PBXBuildFile; fileRef = 604174031FDF1CCC005BBCBA /* image1.jpg */; };
		6059433B1FD492230093CB97 /* AppDelegate.swift in Sources */ = {isa = PBXBuildFile; fileRef = 6059433A1FD492230093CB97 /* AppDelegate.swift */; };
		605943401FD492230093CB97 /* Main.storyboard in Resources */ = {isa = PBXBuildFile; fileRef = 6059433E1FD492230093CB97 /* Main.storyboard */; };
		605943431FD492230093CB97 /* ClassMate.xcdatamodeld in Sources */ = {isa = PBXBuildFile; fileRef = 605943411FD492230093CB97 /* ClassMate.xcdatamodeld */; };
		605943531FD492230093CB97 /* ClassMateTests.swift in Sources */ = {isa = PBXBuildFile; fileRef = 605943521FD492230093CB97 /* ClassMateTests.swift */; };
		6059435E1FD492230093CB97 /* ClassMateUITests.swift in Sources */ = {isa = PBXBuildFile; fileRef = 6059435D1FD492230093CB97 /* ClassMateUITests.swift */; };
		6059437A1FD4D3210093CB97 /* AMInputView.xib in Resources */ = {isa = PBXBuildFile; fileRef = 605943791FD4D3210093CB97 /* AMInputView.xib */; };
		6059437E1FD4E4260093CB97 /* Images.xcassets in Resources */ = {isa = PBXBuildFile; fileRef = 6059437C1FD4E4260093CB97 /* Images.xcassets */; };
		605ED1951FDDBFE9004FA4C2 /* ViewController.swift in Sources */ = {isa = PBXBuildFile; fileRef = 605ED1941FDDBFE9004FA4C2 /* ViewController.swift */; };
		609A3CBE1FDDC13D001C7612 /* GoogleService-Info.plist in Resources */ = {isa = PBXBuildFile; fileRef = 609A3CBD1FDDC13D001C7612 /* GoogleService-Info.plist */; };
		609A3CC01FDDC182001C7612 /* AMInputView.swift in Sources */ = {isa = PBXBuildFile; fileRef = 609A3CBF1FDDC182001C7612 /* AMInputView.swift */; };
		60FD9ABA1FDDC567000E0D00 /* Assets.xcassets in Resources */ = {isa = PBXBuildFile; fileRef = 60FD9AB91FDDC567000E0D00 /* Assets.xcassets */; };
		60FD9ABC1FDDE0B6000E0D00 /* AddGroupViewController.swift in Sources */ = {isa = PBXBuildFile; fileRef = 60FD9ABB1FDDE0B6000E0D00 /* AddGroupViewController.swift */; };
		60FD9AC01FDE0443000E0D00 /* CollectionViewCell.swift in Sources */ = {isa = PBXBuildFile; fileRef = 60FD9ABF1FDE0443000E0D00 /* CollectionViewCell.swift */; };
		60FD9ACA1FDE171E000E0D00 /* NotesViewController.swift in Sources */ = {isa = PBXBuildFile; fileRef = 60FD9AC91FDE171E000E0D00 /* NotesViewController.swift */; };
		60FD9ACC1FDE1753000E0D00 /* NoteViewCell.swift in Sources */ = {isa = PBXBuildFile; fileRef = 60FD9ACB1FDE1753000E0D00 /* NoteViewCell.swift */; };
		60FD9ACE1FDE1A69000E0D00 /* AddNoteViewController.swift in Sources */ = {isa = PBXBuildFile; fileRef = 60FD9ACD1FDE1A69000E0D00 /* AddNoteViewController.swift */; };
		83B5A556A97045E0576928C7 /* Pods_ClassMateTests.framework in Frameworks */ = {isa = PBXBuildFile; fileRef = AD46AFF1B481ECBEE24C7548 /* Pods_ClassMateTests.framework */; };
/* End PBXBuildFile section */

/* Begin PBXContainerItemProxy section */
		6059434F1FD492230093CB97 /* PBXContainerItemProxy */ = {
			isa = PBXContainerItemProxy;
			containerPortal = 6059432F1FD492230093CB97 /* Project object */;
			proxyType = 1;
			remoteGlobalIDString = 605943361FD492230093CB97;
			remoteInfo = ClassMate;
		};
		6059435A1FD492230093CB97 /* PBXContainerItemProxy */ = {
			isa = PBXContainerItemProxy;
			containerPortal = 6059432F1FD492230093CB97 /* Project object */;
			proxyType = 1;
			remoteGlobalIDString = 605943361FD492230093CB97;
			remoteInfo = ClassMate;
		};
/* End PBXContainerItemProxy section */

/* Begin PBXFileReference section */
		224600812E67F237D3E9149D /* Pods_ClassMateUITests.framework */ = {isa = PBXFileReference; explicitFileType = wrapper.framework; includeInIndex = 0; path = Pods_ClassMateUITests.framework; sourceTree = BUILT_PRODUCTS_DIR; };
		2C177ACA7F8A37F3BDB8A0CD /* Pods-ClassMateUITests.release.xcconfig */ = {isa = PBXFileReference; includeInIndex = 1; lastKnownFileType = text.xcconfig; name = "Pods-ClassMateUITests.release.xcconfig"; path = "Pods/Target Support Files/Pods-ClassMateUITests/Pods-ClassMateUITests.release.xcconfig"; sourceTree = "<group>"; };
		2CD63E2CDF71FFEDDB84CE68 /* Pods-ClassMate.debug.xcconfig */ = {isa = PBXFileReference; includeInIndex = 1; lastKnownFileType = text.xcconfig; name = "Pods-ClassMate.debug.xcconfig"; path = "Pods/Target Support Files/Pods-ClassMate/Pods-ClassMate.debug.xcconfig"; sourceTree = "<group>"; };
		548949457D63AEF5D703473B /* Pods-ClassMateTests.debug.xcconfig */ = {isa = PBXFileReference; includeInIndex = 1; lastKnownFileType = text.xcconfig; name = "Pods-ClassMateTests.debug.xcconfig"; path = "Pods/Target Support Files/Pods-ClassMateTests/Pods-ClassMateTests.debug.xcconfig"; sourceTree = "<group>"; };
		600587F81FD503F700615904 /* HomeViewController.swift */ = {isa = PBXFileReference; lastKnownFileType = sourcecode.swift; path = HomeViewController.swift; sourceTree = "<group>"; };
		602DA9C1D616EF072C591FC4 /* Pods-ClassMate.release.xcconfig */ = {isa = PBXFileReference; includeInIndex = 1; lastKnownFileType = text.xcconfig; name = "Pods-ClassMate.release.xcconfig"; path = "Pods/Target Support Files/Pods-ClassMate/Pods-ClassMate.release.xcconfig"; sourceTree = "<group>"; };
		604174031FDF1CCC005BBCBA /* image1.jpg */ = {isa = PBXFileReference; lastKnownFileType = image.jpeg; path = image1.jpg; sourceTree = "<group>"; };
		605943371FD492230093CB97 /* ClassMate.app */ = {isa = PBXFileReference; explicitFileType = wrapper.application; includeInIndex = 0; path = ClassMate.app; sourceTree = BUILT_PRODUCTS_DIR; };
		6059433A1FD492230093CB97 /* AppDelegate.swift */ = {isa = PBXFileReference; lastKnownFileType = sourcecode.swift; path = AppDelegate.swift; sourceTree = "<group>"; };
		6059433F1FD492230093CB97 /* Base */ = {isa = PBXFileReference; lastKnownFileType = file.storyboard; name = Base; path = Base.lproj/Main.storyboard; sourceTree = "<group>"; };
		605943421FD492230093CB97 /* ClassMate.xcdatamodel */ = {isa = PBXFileReference; lastKnownFileType = wrapper.xcdatamodel; path = ClassMate.xcdatamodel; sourceTree = "<group>"; };
		605943491FD492230093CB97 /* Info.plist */ = {isa = PBXFileReference; lastKnownFileType = text.plist.xml; path = Info.plist; sourceTree = "<group>"; };
		6059434E1FD492230093CB97 /* ClassMateTests.xctest */ = {isa = PBXFileReference; explicitFileType = wrapper.cfbundle; includeInIndex = 0; path = ClassMateTests.xctest; sourceTree = BUILT_PRODUCTS_DIR; };
		605943521FD492230093CB97 /* ClassMateTests.swift */ = {isa = PBXFileReference; lastKnownFileType = sourcecode.swift; path = ClassMateTests.swift; sourceTree = "<group>"; };
		605943541FD492230093CB97 /* Info.plist */ = {isa = PBXFileReference; lastKnownFileType = text.plist.xml; path = Info.plist; sourceTree = "<group>"; };
		605943591FD492230093CB97 /* ClassMateUITests.xctest */ = {isa = PBXFileReference; explicitFileType = wrapper.cfbundle; includeInIndex = 0; path = ClassMateUITests.xctest; sourceTree = BUILT_PRODUCTS_DIR; };
		6059435D1FD492230093CB97 /* ClassMateUITests.swift */ = {isa = PBXFileReference; lastKnownFileType = sourcecode.swift; path = ClassMateUITests.swift; sourceTree = "<group>"; };
		6059435F1FD492230093CB97 /* Info.plist */ = {isa = PBXFileReference; lastKnownFileType = text.plist.xml; path = Info.plist; sourceTree = "<group>"; };
		605943791FD4D3210093CB97 /* AMInputView.xib */ = {isa = PBXFileReference; fileEncoding = 4; lastKnownFileType = file.xib; path = AMInputView.xib; sourceTree = "<group>"; };
		6059437C1FD4E4260093CB97 /* Images.xcassets */ = {isa = PBXFileReference; lastKnownFileType = folder.assetcatalog; path = Images.xcassets; sourceTree = "<group>"; };
		605ED1941FDDBFE9004FA4C2 /* ViewController.swift */ = {isa = PBXFileReference; lastKnownFileType = sourcecode.swift; path = ViewController.swift; sourceTree = "<group>"; };
		609A3CBD1FDDC13D001C7612 /* GoogleService-Info.plist */ = {isa = PBXFileReference; fileEncoding = 4; lastKnownFileType = text.plist.xml; path = "GoogleService-Info.plist"; sourceTree = "<group>"; };
		609A3CBF1FDDC182001C7612 /* AMInputView.swift */ = {isa = PBXFileReference; fileEncoding = 4; lastKnownFileType = sourcecode.swift; path = AMInputView.swift; sourceTree = "<group>"; };
		60FD9AB91FDDC567000E0D00 /* Assets.xcassets */ = {isa = PBXFileReference; lastKnownFileType = folder.assetcatalog; path = Assets.xcassets; sourceTree = "<group>"; };
		60FD9ABB1FDDE0B6000E0D00 /* AddGroupViewController.swift */ = {isa = PBXFileReference; lastKnownFileType = sourcecode.swift; path = AddGroupViewController.swift; sourceTree = "<group>"; };
		60FD9ABF1FDE0443000E0D00 /* CollectionViewCell.swift */ = {isa = PBXFileReference; lastKnownFileType = sourcecode.swift; name = CollectionViewCell.swift; path = ../CollectionViewCell.swift; sourceTree = "<group>"; };
		60FD9AC91FDE171E000E0D00 /* NotesViewController.swift */ = {isa = PBXFileReference; lastKnownFileType = sourcecode.swift; path = NotesViewController.swift; sourceTree = "<group>"; };
		60FD9ACB1FDE1753000E0D00 /* NoteViewCell.swift */ = {isa = PBXFileReference; lastKnownFileType = sourcecode.swift; path = NoteViewCell.swift; sourceTree = "<group>"; };
		60FD9ACD1FDE1A69000E0D00 /* AddNoteViewController.swift */ = {isa = PBXFileReference; lastKnownFileType = sourcecode.swift; path = AddNoteViewController.swift; sourceTree = "<group>"; };
		90DA5C876EE75092A7802A25 /* Pods-ClassMateUITests.debug.xcconfig */ = {isa = PBXFileReference; includeInIndex = 1; lastKnownFileType = text.xcconfig; name = "Pods-ClassMateUITests.debug.xcconfig"; path = "Pods/Target Support Files/Pods-ClassMateUITests/Pods-ClassMateUITests.debug.xcconfig"; sourceTree = "<group>"; };
		9F1FFDF5839765BA4AEC6CD4 /* Pods-ClassMateTests.release.xcconfig */ = {isa = PBXFileReference; includeInIndex = 1; lastKnownFileType = text.xcconfig; name = "Pods-ClassMateTests.release.xcconfig"; path = "Pods/Target Support Files/Pods-ClassMateTests/Pods-ClassMateTests.release.xcconfig"; sourceTree = "<group>"; };
		AD46AFF1B481ECBEE24C7548 /* Pods_ClassMateTests.framework */ = {isa = PBXFileReference; explicitFileType = wrapper.framework; includeInIndex = 0; path = Pods_ClassMateTests.framework; sourceTree = BUILT_PRODUCTS_DIR; };
		DBD2A7AA371E9B10F0E97F8D /* Pods_ClassMate.framework */ = {isa = PBXFileReference; explicitFileType = wrapper.framework; includeInIndex = 0; path = Pods_ClassMate.framework; sourceTree = BUILT_PRODUCTS_DIR; };
/* End PBXFileReference section */

/* Begin PBXFrameworksBuildPhase section */
		605943341FD492230093CB97 /* Frameworks */ = {
			isa = PBXFrameworksBuildPhase;
			buildActionMask = 2147483647;
			files = (
				2EABA2B404311649D0A52DBB /* Pods_ClassMate.framework in Frameworks */,
			);
			runOnlyForDeploymentPostprocessing = 0;
		};
		6059434B1FD492230093CB97 /* Frameworks */ = {
			isa = PBXFrameworksBuildPhase;
			buildActionMask = 2147483647;
			files = (
				83B5A556A97045E0576928C7 /* Pods_ClassMateTests.framework in Frameworks */,
			);
			runOnlyForDeploymentPostprocessing = 0;
		};
		605943561FD492230093CB97 /* Frameworks */ = {
			isa = PBXFrameworksBuildPhase;
			buildActionMask = 2147483647;
			files = (
				2BB9A88C5AB6E3B81E871800 /* Pods_ClassMateUITests.framework in Frameworks */,
			);
			runOnlyForDeploymentPostprocessing = 0;
		};
/* End PBXFrameworksBuildPhase section */

/* Begin PBXGroup section */
		6059432E1FD492230093CB97 = {
			isa = PBXGroup;
			children = (
				605943391FD492230093CB97 /* ClassMate */,
				605943511FD492230093CB97 /* ClassMateTests */,
				6059435C1FD492230093CB97 /* ClassMateUITests */,
				605943381FD492230093CB97 /* Products */,
				720DFB435164004A24E278BF /* Pods */,
				9C25B777A14CB143E2BB8B24 /* Frameworks */,
			);
			sourceTree = "<group>";
		};
		605943381FD492230093CB97 /* Products */ = {
			isa = PBXGroup;
			children = (
				605943371FD492230093CB97 /* ClassMate.app */,
				6059434E1FD492230093CB97 /* ClassMateTests.xctest */,
				605943591FD492230093CB97 /* ClassMateUITests.xctest */,
			);
			name = Products;
			sourceTree = "<group>";
		};
		605943391FD492230093CB97 /* ClassMate */ = {
			isa = PBXGroup;
			children = (
				609A3CBF1FDDC182001C7612 /* AMInputView.swift */,
				605943791FD4D3210093CB97 /* AMInputView.xib */,
				604174031FDF1CCC005BBCBA /* image1.jpg */,
				605ED1941FDDBFE9004FA4C2 /* ViewController.swift */,
				60FD9ABF1FDE0443000E0D00 /* CollectionViewCell.swift */,
				60FD9AB91FDDC567000E0D00 /* Assets.xcassets */,
				6059437C1FD4E4260093CB97 /* Images.xcassets */,
				6059433A1FD492230093CB97 /* AppDelegate.swift */,
				609A3CBD1FDDC13D001C7612 /* GoogleService-Info.plist */,
				6059433E1FD492230093CB97 /* Main.storyboard */,
				605943491FD492230093CB97 /* Info.plist */,
				605943411FD492230093CB97 /* ClassMate.xcdatamodeld */,
				600587F81FD503F700615904 /* HomeViewController.swift */,
				60FD9ABB1FDDE0B6000E0D00 /* AddGroupViewController.swift */,
				60FD9AC91FDE171E000E0D00 /* NotesViewController.swift */,
				60FD9ACB1FDE1753000E0D00 /* NoteViewCell.swift */,
				60FD9ACD1FDE1A69000E0D00 /* AddNoteViewController.swift */,
			);
			path = ClassMate;
			sourceTree = "<group>";
		};
		605943511FD492230093CB97 /* ClassMateTests */ = {
			isa = PBXGroup;
			children = (
				605943521FD492230093CB97 /* ClassMateTests.swift */,
				605943541FD492230093CB97 /* Info.plist */,
			);
			path = ClassMateTests;
			sourceTree = "<group>";
		};
		6059435C1FD492230093CB97 /* ClassMateUITests */ = {
			isa = PBXGroup;
			children = (
				6059435D1FD492230093CB97 /* ClassMateUITests.swift */,
				6059435F1FD492230093CB97 /* Info.plist */,
			);
			path = ClassMateUITests;
			sourceTree = "<group>";
		};
		720DFB435164004A24E278BF /* Pods */ = {
			isa = PBXGroup;
			children = (
				2CD63E2CDF71FFEDDB84CE68 /* Pods-ClassMate.debug.xcconfig */,
				602DA9C1D616EF072C591FC4 /* Pods-ClassMate.release.xcconfig */,
				548949457D63AEF5D703473B /* Pods-ClassMateTests.debug.xcconfig */,
				9F1FFDF5839765BA4AEC6CD4 /* Pods-ClassMateTests.release.xcconfig */,
				90DA5C876EE75092A7802A25 /* Pods-ClassMateUITests.debug.xcconfig */,
				2C177ACA7F8A37F3BDB8A0CD /* Pods-ClassMateUITests.release.xcconfig */,
			);
			name = Pods;
			sourceTree = "<group>";
		};
		9C25B777A14CB143E2BB8B24 /* Frameworks */ = {
			isa = PBXGroup;
			children = (
				DBD2A7AA371E9B10F0E97F8D /* Pods_ClassMate.framework */,
				AD46AFF1B481ECBEE24C7548 /* Pods_ClassMateTests.framework */,
				224600812E67F237D3E9149D /* Pods_ClassMateUITests.framework */,
			);
			name = Frameworks;
			sourceTree = "<group>";
		};
/* End PBXGroup section */

/* Begin PBXNativeTarget section */
		605943361FD492230093CB97 /* ClassMate */ = {
			isa = PBXNativeTarget;
			buildConfigurationList = 605943621FD492230093CB97 /* Build configuration list for PBXNativeTarget "ClassMate" */;
			buildPhases = (
				C38B19D2E0C6F3B9C0A096AE /* [CP] Check Pods Manifest.lock */,
				605943331FD492230093CB97 /* Sources */,
				605943341FD492230093CB97 /* Frameworks */,
				605943351FD492230093CB97 /* Resources */,
				4B81B49675E284646D714CC2 /* [CP] Embed Pods Frameworks */,
				F765AD06B11705E7DAD947FB /* [CP] Copy Pods Resources */,
			);
			buildRules = (
			);
			dependencies = (
			);
			name = ClassMate;
			productName = ClassMate;
			productReference = 605943371FD492230093CB97 /* ClassMate.app */;
			productType = "com.apple.product-type.application";
		};
		6059434D1FD492230093CB97 /* ClassMateTests */ = {
			isa = PBXNativeTarget;
			buildConfigurationList = 605943651FD492230093CB97 /* Build configuration list for PBXNativeTarget "ClassMateTests" */;
			buildPhases = (
				120F5A219D4829EC1101B75B /* [CP] Check Pods Manifest.lock */,
				6059434A1FD492230093CB97 /* Sources */,
				6059434B1FD492230093CB97 /* Frameworks */,
				6059434C1FD492230093CB97 /* Resources */,
				8812AB72F285348FF22FEE9A /* [CP] Embed Pods Frameworks */,
				0D2A45669FC1FD397FECC443 /* [CP] Copy Pods Resources */,
			);
			buildRules = (
			);
			dependencies = (
				605943501FD492230093CB97 /* PBXTargetDependency */,
			);
			name = ClassMateTests;
			productName = ClassMateTests;
			productReference = 6059434E1FD492230093CB97 /* ClassMateTests.xctest */;
			productType = "com.apple.product-type.bundle.unit-test";
		};
		605943581FD492230093CB97 /* ClassMateUITests */ = {
			isa = PBXNativeTarget;
			buildConfigurationList = 605943681FD492230093CB97 /* Build configuration list for PBXNativeTarget "ClassMateUITests" */;
			buildPhases = (
				4B3520182C1899F4E1D4A393 /* [CP] Check Pods Manifest.lock */,
				605943551FD492230093CB97 /* Sources */,
				605943561FD492230093CB97 /* Frameworks */,
				605943571FD492230093CB97 /* Resources */,
				AD8C9787434DC273DA9E432F /* [CP] Embed Pods Frameworks */,
				B85EA9E7E8668095C383A5C1 /* [CP] Copy Pods Resources */,
			);
			buildRules = (
			);
			dependencies = (
				6059435B1FD492230093CB97 /* PBXTargetDependency */,
			);
			name = ClassMateUITests;
			productName = ClassMateUITests;
			productReference = 605943591FD492230093CB97 /* ClassMateUITests.xctest */;
			productType = "com.apple.product-type.bundle.ui-testing";
		};
/* End PBXNativeTarget section */

/* Begin PBXProject section */
		6059432F1FD492230093CB97 /* Project object */ = {
			isa = PBXProject;
			attributes = {
				LastSwiftUpdateCheck = 0910;
				LastUpgradeCheck = 0910;
				ORGANIZATIONNAME = "Jayti Lal";
				TargetAttributes = {
					605943361FD492230093CB97 = {
						CreatedOnToolsVersion = 9.1;
						ProvisioningStyle = Automatic;
					};
					6059434D1FD492230093CB97 = {
						CreatedOnToolsVersion = 9.1;
						ProvisioningStyle = Automatic;
						TestTargetID = 605943361FD492230093CB97;
					};
					605943581FD492230093CB97 = {
						CreatedOnToolsVersion = 9.1;
						ProvisioningStyle = Automatic;
						TestTargetID = 605943361FD492230093CB97;
					};
				};
			};
			buildConfigurationList = 605943321FD492230093CB97 /* Build configuration list for PBXProject "ClassMate" */;
			compatibilityVersion = "Xcode 8.0";
			developmentRegion = en;
			hasScannedForEncodings = 0;
			knownRegions = (
				en,
				Base,
			);
			mainGroup = 6059432E1FD492230093CB97;
			productRefGroup = 605943381FD492230093CB97 /* Products */;
			projectDirPath = "";
			projectRoot = "";
			targets = (
				605943361FD492230093CB97 /* ClassMate */,
				6059434D1FD492230093CB97 /* ClassMateTests */,
				605943581FD492230093CB97 /* ClassMateUITests */,
			);
		};
/* End PBXProject section */

/* Begin PBXResourcesBuildPhase section */
		605943351FD492230093CB97 /* Resources */ = {
			isa = PBXResourcesBuildPhase;
			buildActionMask = 2147483647;
			files = (
				6059437A1FD4D3210093CB97 /* AMInputView.xib in Resources */,
				6059437E1FD4E4260093CB97 /* Images.xcassets in Resources */,
				605943401FD492230093CB97 /* Main.storyboard in Resources */,
				609A3CBE1FDDC13D001C7612 /* GoogleService-Info.plist in Resources */,
				60FD9ABA1FDDC567000E0D00 /* Assets.xcassets in Resources */,
				604174041FDF1CCC005BBCBA /* image1.jpg in Resources */,
			);
			runOnlyForDeploymentPostprocessing = 0;
		};
		6059434C1FD492230093CB97 /* Resources */ = {
			isa = PBXResourcesBuildPhase;
			buildActionMask = 2147483647;
			files = (
			);
			runOnlyForDeploymentPostprocessing = 0;
		};
		605943571FD492230093CB97 /* Resources */ = {
			isa = PBXResourcesBuildPhase;
			buildActionMask = 2147483647;
			files = (
			);
			runOnlyForDeploymentPostprocessing = 0;
		};
/* End PBXResourcesBuildPhase section */

/* Begin PBXShellScriptBuildPhase section */
		0D2A45669FC1FD397FECC443 /* [CP] Copy Pods Resources */ = {
			isa = PBXShellScriptBuildPhase;
			buildActionMask = 2147483647;
			files = (
			);
			inputPaths = (
			);
			name = "[CP] Copy Pods Resources";
			outputPaths = (
			);
			runOnlyForDeploymentPostprocessing = 0;
			shellPath = /bin/sh;
			shellScript = "\"${SRCROOT}/Pods/Target Support Files/Pods-ClassMateTests/Pods-ClassMateTests-resources.sh\"\n";
			showEnvVarsInLog = 0;
		};
		120F5A219D4829EC1101B75B /* [CP] Check Pods Manifest.lock */ = {
			isa = PBXShellScriptBuildPhase;
			buildActionMask = 2147483647;
			files = (
			);
			inputPaths = (
				"${PODS_PODFILE_DIR_PATH}/Podfile.lock",
				"${PODS_ROOT}/Manifest.lock",
			);
			name = "[CP] Check Pods Manifest.lock";
			outputPaths = (
				"$(DERIVED_FILE_DIR)/Pods-ClassMateTests-checkManifestLockResult.txt",
			);
			runOnlyForDeploymentPostprocessing = 0;
			shellPath = /bin/sh;
			shellScript = "diff \"${PODS_PODFILE_DIR_PATH}/Podfile.lock\" \"${PODS_ROOT}/Manifest.lock\" > /dev/null\nif [ $? != 0 ] ; then\n    # print error to STDERR\n    echo \"error: The sandbox is not in sync with the Podfile.lock. Run 'pod install' or update your CocoaPods installation.\" >&2\n    exit 1\nfi\n# This output is used by Xcode 'outputs' to avoid re-running this script phase.\necho \"SUCCESS\" > \"${SCRIPT_OUTPUT_FILE_0}\"\n";
			showEnvVarsInLog = 0;
		};
		4B3520182C1899F4E1D4A393 /* [CP] Check Pods Manifest.lock */ = {
			isa = PBXShellScriptBuildPhase;
			buildActionMask = 2147483647;
			files = (
			);
			inputPaths = (
				"${PODS_PODFILE_DIR_PATH}/Podfile.lock",
				"${PODS_ROOT}/Manifest.lock",
			);
			name = "[CP] Check Pods Manifest.lock";
			outputPaths = (
				"$(DERIVED_FILE_DIR)/Pods-ClassMateUITests-checkManifestLockResult.txt",
			);
			runOnlyForDeploymentPostprocessing = 0;
			shellPath = /bin/sh;
			shellScript = "diff \"${PODS_PODFILE_DIR_PATH}/Podfile.lock\" \"${PODS_ROOT}/Manifest.lock\" > /dev/null\nif [ $? != 0 ] ; then\n    # print error to STDERR\n    echo \"error: The sandbox is not in sync with the Podfile.lock. Run 'pod install' or update your CocoaPods installation.\" >&2\n    exit 1\nfi\n# This output is used by Xcode 'outputs' to avoid re-running this script phase.\necho \"SUCCESS\" > \"${SCRIPT_OUTPUT_FILE_0}\"\n";
			showEnvVarsInLog = 0;
		};
		4B81B49675E284646D714CC2 /* [CP] Embed Pods Frameworks */ = {
			isa = PBXShellScriptBuildPhase;
			buildActionMask = 2147483647;
			files = (
			);
			inputPaths = (
				"${SRCROOT}/Pods/Target Support Files/Pods-ClassMate/Pods-ClassMate-frameworks.sh",
				"${BUILT_PRODUCTS_DIR}/GTMSessionFetcher/GTMSessionFetcher.framework",
				"${BUILT_PRODUCTS_DIR}/GoogleToolboxForMac/GoogleToolboxForMac.framework",
				"${BUILT_PRODUCTS_DIR}/leveldb-library/leveldb.framework",
				"${BUILT_PRODUCTS_DIR}/nanopb/nanopb.framework",
			);
			name = "[CP] Embed Pods Frameworks";
			outputPaths = (
				"${TARGET_BUILD_DIR}/${FRAMEWORKS_FOLDER_PATH}/GTMSessionFetcher.framework",
				"${TARGET_BUILD_DIR}/${FRAMEWORKS_FOLDER_PATH}/GoogleToolboxForMac.framework",
				"${TARGET_BUILD_DIR}/${FRAMEWORKS_FOLDER_PATH}/leveldb.framework",
				"${TARGET_BUILD_DIR}/${FRAMEWORKS_FOLDER_PATH}/nanopb.framework",
			);
			runOnlyForDeploymentPostprocessing = 0;
			shellPath = /bin/sh;
			shellScript = "\"${SRCROOT}/Pods/Target Support Files/Pods-ClassMate/Pods-ClassMate-frameworks.sh\"\n";
			showEnvVarsInLog = 0;
		};
		8812AB72F285348FF22FEE9A /* [CP] Embed Pods Frameworks */ = {
			isa = PBXShellScriptBuildPhase;
			buildActionMask = 2147483647;
			files = (
			);
			inputPaths = (
			);
			name = "[CP] Embed Pods Frameworks";
			outputPaths = (
			);
			runOnlyForDeploymentPostprocessing = 0;
			shellPath = /bin/sh;
			shellScript = "\"${SRCROOT}/Pods/Target Support Files/Pods-ClassMateTests/Pods-ClassMateTests-frameworks.sh\"\n";
			showEnvVarsInLog = 0;
		};
		AD8C9787434DC273DA9E432F /* [CP] Embed Pods Frameworks */ = {
			isa = PBXShellScriptBuildPhase;
			buildActionMask = 2147483647;
			files = (
			);
			inputPaths = (
			);
			name = "[CP] Embed Pods Frameworks";
			outputPaths = (
			);
			runOnlyForDeploymentPostprocessing = 0;
			shellPath = /bin/sh;
			shellScript = "\"${SRCROOT}/Pods/Target Support Files/Pods-ClassMateUITests/Pods-ClassMateUITests-frameworks.sh\"\n";
			showEnvVarsInLog = 0;
		};
		B85EA9E7E8668095C383A5C1 /* [CP] Copy Pods Resources */ = {
			isa = PBXShellScriptBuildPhase;
			buildActionMask = 2147483647;
			files = (
			);
			inputPaths = (
			);
			name = "[CP] Copy Pods Resources";
			outputPaths = (
			);
			runOnlyForDeploymentPostprocessing = 0;
			shellPath = /bin/sh;
			shellScript = "\"${SRCROOT}/Pods/Target Support Files/Pods-ClassMateUITests/Pods-ClassMateUITests-resources.sh\"\n";
			showEnvVarsInLog = 0;
		};
		C38B19D2E0C6F3B9C0A096AE /* [CP] Check Pods Manifest.lock */ = {
			isa = PBXShellScriptBuildPhase;
			buildActionMask = 2147483647;
			files = (
			);
			inputPaths = (
				"${PODS_PODFILE_DIR_PATH}/Podfile.lock",
				"${PODS_ROOT}/Manifest.lock",
			);
			name = "[CP] Check Pods Manifest.lock";
			outputPaths = (
				"$(DERIVED_FILE_DIR)/Pods-ClassMate-checkManifestLockResult.txt",
			);
			runOnlyForDeploymentPostprocessing = 0;
			shellPath = /bin/sh;
			shellScript = "diff \"${PODS_PODFILE_DIR_PATH}/Podfile.lock\" \"${PODS_ROOT}/Manifest.lock\" > /dev/null\nif [ $? != 0 ] ; then\n    # print error to STDERR\n    echo \"error: The sandbox is not in sync with the Podfile.lock. Run 'pod install' or update your CocoaPods installation.\" >&2\n    exit 1\nfi\n# This output is used by Xcode 'outputs' to avoid re-running this script phase.\necho \"SUCCESS\" > \"${SCRIPT_OUTPUT_FILE_0}\"\n";
			showEnvVarsInLog = 0;
		};
		F765AD06B11705E7DAD947FB /* [CP] Copy Pods Resources */ = {
			isa = PBXShellScriptBuildPhase;
			buildActionMask = 2147483647;
			files = (
			);
			inputPaths = (
			);
			name = "[CP] Copy Pods Resources";
			outputPaths = (
			);
			runOnlyForDeploymentPostprocessing = 0;
			shellPath = /bin/sh;
			shellScript = "\"${SRCROOT}/Pods/Target Support Files/Pods-ClassMate/Pods-ClassMate-resources.sh\"\n";
			showEnvVarsInLog = 0;
		};
/* End PBXShellScriptBuildPhase section */

/* Begin PBXSourcesBuildPhase section */
		605943331FD492230093CB97 /* Sources */ = {
			isa = PBXSourcesBuildPhase;
			buildActionMask = 2147483647;
			files = (
				605ED1951FDDBFE9004FA4C2 /* ViewController.swift in Sources */,
				600587F91FD503F700615904 /* HomeViewController.swift in Sources */,
				605943431FD492230093CB97 /* ClassMate.xcdatamodeld in Sources */,
				60FD9AC01FDE0443000E0D00 /* CollectionViewCell.swift in Sources */,
				609A3CC01FDDC182001C7612 /* AMInputView.swift in Sources */,
				60FD9ACA1FDE171E000E0D00 /* NotesViewController.swift in Sources */,
				60FD9ABC1FDDE0B6000E0D00 /* AddGroupViewController.swift in Sources */,
				60FD9ACC1FDE1753000E0D00 /* NoteViewCell.swift in Sources */,
				60FD9ACE1FDE1A69000E0D00 /* AddNoteViewController.swift in Sources */,
				6059433B1FD492230093CB97 /* AppDelegate.swift in Sources */,
			);
			runOnlyForDeploymentPostprocessing = 0;
		};
		6059434A1FD492230093CB97 /* Sources */ = {
			isa = PBXSourcesBuildPhase;
			buildActionMask = 2147483647;
			files = (
				605943531FD492230093CB97 /* ClassMateTests.swift in Sources */,
			);
			runOnlyForDeploymentPostprocessing = 0;
		};
		605943551FD492230093CB97 /* Sources */ = {
			isa = PBXSourcesBuildPhase;
			buildActionMask = 2147483647;
			files = (
				6059435E1FD492230093CB97 /* ClassMateUITests.swift in Sources */,
			);
			runOnlyForDeploymentPostprocessing = 0;
		};
/* End PBXSourcesBuildPhase section */

/* Begin PBXTargetDependency section */
		605943501FD492230093CB97 /* PBXTargetDependency */ = {
			isa = PBXTargetDependency;
			target = 605943361FD492230093CB97 /* ClassMate */;
			targetProxy = 6059434F1FD492230093CB97 /* PBXContainerItemProxy */;
		};
		6059435B1FD492230093CB97 /* PBXTargetDependency */ = {
			isa = PBXTargetDependency;
			target = 605943361FD492230093CB97 /* ClassMate */;
			targetProxy = 6059435A1FD492230093CB97 /* PBXContainerItemProxy */;
		};
/* End PBXTargetDependency section */

/* Begin PBXVariantGroup section */
		6059433E1FD492230093CB97 /* Main.storyboard */ = {
			isa = PBXVariantGroup;
			children = (
				6059433F1FD492230093CB97 /* Base */,
			);
			name = Main.storyboard;
			sourceTree = "<group>";
		};
/* End PBXVariantGroup section */

/* Begin XCBuildConfiguration section */
		605943601FD492230093CB97 /* Debug */ = {
			isa = XCBuildConfiguration;
			buildSettings = {
				ALWAYS_SEARCH_USER_PATHS = NO;
				CLANG_ANALYZER_NONNULL = YES;
				CLANG_ANALYZER_NUMBER_OBJECT_CONVERSION = YES_AGGRESSIVE;
				CLANG_CXX_LANGUAGE_STANDARD = "gnu++14";
				CLANG_CXX_LIBRARY = "libc++";
				CLANG_ENABLE_MODULES = YES;
				CLANG_ENABLE_OBJC_ARC = YES;
				CLANG_WARN_BLOCK_CAPTURE_AUTORELEASING = YES;
				CLANG_WARN_BOOL_CONVERSION = YES;
				CLANG_WARN_COMMA = YES;
				CLANG_WARN_CONSTANT_CONVERSION = YES;
				CLANG_WARN_DIRECT_OBJC_ISA_USAGE = YES_ERROR;
				CLANG_WARN_DOCUMENTATION_COMMENTS = YES;
				CLANG_WARN_EMPTY_BODY = YES;
				CLANG_WARN_ENUM_CONVERSION = YES;
				CLANG_WARN_INFINITE_RECURSION = YES;
				CLANG_WARN_INT_CONVERSION = YES;
				CLANG_WARN_NON_LITERAL_NULL_CONVERSION = YES;
				CLANG_WARN_OBJC_LITERAL_CONVERSION = YES;
				CLANG_WARN_OBJC_ROOT_CLASS = YES_ERROR;
				CLANG_WARN_RANGE_LOOP_ANALYSIS = YES;
				CLANG_WARN_STRICT_PROTOTYPES = YES;
				CLANG_WARN_SUSPICIOUS_MOVE = YES;
				CLANG_WARN_UNGUARDED_AVAILABILITY = YES_AGGRESSIVE;
				CLANG_WARN_UNREACHABLE_CODE = YES;
				CLANG_WARN__DUPLICATE_METHOD_MATCH = YES;
				CODE_SIGN_IDENTITY = "iPhone Developer";
				COPY_PHASE_STRIP = NO;
				DEBUG_INFORMATION_FORMAT = dwarf;
				ENABLE_STRICT_OBJC_MSGSEND = YES;
				ENABLE_TESTABILITY = YES;
				GCC_C_LANGUAGE_STANDARD = gnu11;
				GCC_DYNAMIC_NO_PIC = NO;
				GCC_NO_COMMON_BLOCKS = YES;
				GCC_OPTIMIZATION_LEVEL = 0;
				GCC_PREPROCESSOR_DEFINITIONS = (
					"DEBUG=1",
					"$(inherited)",
				);
				GCC_WARN_64_TO_32_BIT_CONVERSION = YES;
				GCC_WARN_ABOUT_RETURN_TYPE = YES_ERROR;
				GCC_WARN_UNDECLARED_SELECTOR = YES;
				GCC_WARN_UNINITIALIZED_AUTOS = YES_AGGRESSIVE;
				GCC_WARN_UNUSED_FUNCTION = YES;
				GCC_WARN_UNUSED_VARIABLE = YES;
				IPHONEOS_DEPLOYMENT_TARGET = 11.1;
				MTL_ENABLE_DEBUG_INFO = YES;
				ONLY_ACTIVE_ARCH = YES;
				SDKROOT = iphoneos;
				SWIFT_ACTIVE_COMPILATION_CONDITIONS = DEBUG;
				SWIFT_OPTIMIZATION_LEVEL = "-Onone";
			};
			name = Debug;
		};
		605943611FD492230093CB97 /* Release */ = {
			isa = XCBuildConfiguration;
			buildSettings = {
				ALWAYS_SEARCH_USER_PATHS = NO;
				CLANG_ANALYZER_NONNULL = YES;
				CLANG_ANALYZER_NUMBER_OBJECT_CONVERSION = YES_AGGRESSIVE;
				CLANG_CXX_LANGUAGE_STANDARD = "gnu++14";
				CLANG_CXX_LIBRARY = "libc++";
				CLANG_ENABLE_MODULES = YES;
				CLANG_ENABLE_OBJC_ARC = YES;
				CLANG_WARN_BLOCK_CAPTURE_AUTORELEASING = YES;
				CLANG_WARN_BOOL_CONVERSION = YES;
				CLANG_WARN_COMMA = YES;
				CLANG_WARN_CONSTANT_CONVERSION = YES;
				CLANG_WARN_DIRECT_OBJC_ISA_USAGE = YES_ERROR;
				CLANG_WARN_DOCUMENTATION_COMMENTS = YES;
				CLANG_WARN_EMPTY_BODY = YES;
				CLANG_WARN_ENUM_CONVERSION = YES;
				CLANG_WARN_INFINITE_RECURSION = YES;
				CLANG_WARN_INT_CONVERSION = YES;
				CLANG_WARN_NON_LITERAL_NULL_CONVERSION = YES;
				CLANG_WARN_OBJC_LITERAL_CONVERSION = YES;
				CLANG_WARN_OBJC_ROOT_CLASS = YES_ERROR;
				CLANG_WARN_RANGE_LOOP_ANALYSIS = YES;
				CLANG_WARN_STRICT_PROTOTYPES = YES;
				CLANG_WARN_SUSPICIOUS_MOVE = YES;
				CLANG_WARN_UNGUARDED_AVAILABILITY = YES_AGGRESSIVE;
				CLANG_WARN_UNREACHABLE_CODE = YES;
				CLANG_WARN__DUPLICATE_METHOD_MATCH = YES;
				CODE_SIGN_IDENTITY = "iPhone Developer";
				COPY_PHASE_STRIP = NO;
				DEBUG_INFORMATION_FORMAT = "dwarf-with-dsym";
				ENABLE_NS_ASSERTIONS = NO;
				ENABLE_STRICT_OBJC_MSGSEND = YES;
				GCC_C_LANGUAGE_STANDARD = gnu11;
				GCC_NO_COMMON_BLOCKS = YES;
				GCC_WARN_64_TO_32_BIT_CONVERSION = YES;
				GCC_WARN_ABOUT_RETURN_TYPE = YES_ERROR;
				GCC_WARN_UNDECLARED_SELECTOR = YES;
				GCC_WARN_UNINITIALIZED_AUTOS = YES_AGGRESSIVE;
				GCC_WARN_UNUSED_FUNCTION = YES;
				GCC_WARN_UNUSED_VARIABLE = YES;
				IPHONEOS_DEPLOYMENT_TARGET = 11.1;
				MTL_ENABLE_DEBUG_INFO = NO;
				SDKROOT = iphoneos;
				SWIFT_OPTIMIZATION_LEVEL = "-Owholemodule";
				VALIDATE_PRODUCT = YES;
			};
			name = Release;
		};
		605943631FD492230093CB97 /* Debug */ = {
			isa = XCBuildConfiguration;
			baseConfigurationReference = 2CD63E2CDF71FFEDDB84CE68 /* Pods-ClassMate.debug.xcconfig */;
			buildSettings = {
				ASSETCATALOG_COMPILER_APPICON_NAME = AppIcon;
				CODE_SIGN_STYLE = Automatic;
				DEVELOPMENT_TEAM = 5HCPS5THX6;
				INFOPLIST_FILE = ClassMate/Info.plist;
				LD_RUNPATH_SEARCH_PATHS = "$(inherited) @executable_path/Frameworks";
				PRODUCT_BUNDLE_IDENTIFIER = "-20894159.ClassMate";
				PRODUCT_NAME = "$(TARGET_NAME)";
				SWIFT_VERSION = 4.0;
				TARGETED_DEVICE_FAMILY = "1,2";
			};
			name = Debug;
		};
		605943641FD492230093CB97 /* Release */ = {
			isa = XCBuildConfiguration;
			baseConfigurationReference = 602DA9C1D616EF072C591FC4 /* Pods-ClassMate.release.xcconfig */;
			buildSettings = {
				ASSETCATALOG_COMPILER_APPICON_NAME = AppIcon;
				CODE_SIGN_STYLE = Automatic;
				DEVELOPMENT_TEAM = 5HCPS5THX6;
				INFOPLIST_FILE = ClassMate/Info.plist;
				LD_RUNPATH_SEARCH_PATHS = "$(inherited) @executable_path/Frameworks";
				PRODUCT_BUNDLE_IDENTIFIER = "-20894159.ClassMate";
				PRODUCT_NAME = "$(TARGET_NAME)";
				SWIFT_VERSION = 4.0;
				TARGETED_DEVICE_FAMILY = "1,2";
			};
			name = Release;
		};
		605943661FD492230093CB97 /* Debug */ = {
			isa = XCBuildConfiguration;
			baseConfigurationReference = 548949457D63AEF5D703473B /* Pods-ClassMateTests.debug.xcconfig */;
			buildSettings = {
				ALWAYS_EMBED_SWIFT_STANDARD_LIBRARIES = YES;
				BUNDLE_LOADER = "$(TEST_HOST)";
				CODE_SIGN_STYLE = Automatic;
				DEVELOPMENT_TEAM = 5HCPS5THX6;
				INFOPLIST_FILE = ClassMateTests/Info.plist;
				LD_RUNPATH_SEARCH_PATHS = "$(inherited) @executable_path/Frameworks @loader_path/Frameworks";
				PRODUCT_BUNDLE_IDENTIFIER = "-20894159.ClassMateTests";
				PRODUCT_NAME = "$(TARGET_NAME)";
				SWIFT_VERSION = 4.0;
				TARGETED_DEVICE_FAMILY = "1,2";
				TEST_HOST = "$(BUILT_PRODUCTS_DIR)/ClassMate.app/ClassMate";
			};
			name = Debug;
		};
		605943671FD492230093CB97 /* Release */ = {
			isa = XCBuildConfiguration;
			baseConfigurationReference = 9F1FFDF5839765BA4AEC6CD4 /* Pods-ClassMateTests.release.xcconfig */;
			buildSettings = {
				ALWAYS_EMBED_SWIFT_STANDARD_LIBRARIES = YES;
				BUNDLE_LOADER = "$(TEST_HOST)";
				CODE_SIGN_STYLE = Automatic;
				DEVELOPMENT_TEAM = 5HCPS5THX6;
				INFOPLIST_FILE = ClassMateTests/Info.plist;
				LD_RUNPATH_SEARCH_PATHS = "$(inherited) @executable_path/Frameworks @loader_path/Frameworks";
				PRODUCT_BUNDLE_IDENTIFIER = "-20894159.ClassMateTests";
				PRODUCT_NAME = "$(TARGET_NAME)";
				SWIFT_VERSION = 4.0;
				TARGETED_DEVICE_FAMILY = "1,2";
				TEST_HOST = "$(BUILT_PRODUCTS_DIR)/ClassMate.app/ClassMate";
			};
			name = Release;
		};
		605943691FD492230093CB97 /* Debug */ = {
			isa = XCBuildConfiguration;
			baseConfigurationReference = 90DA5C876EE75092A7802A25 /* Pods-ClassMateUITests.debug.xcconfig */;
			buildSettings = {
				ALWAYS_EMBED_SWIFT_STANDARD_LIBRARIES = YES;
				CODE_SIGN_STYLE = Automatic;
				DEVELOPMENT_TEAM = 5HCPS5THX6;
				INFOPLIST_FILE = ClassMateUITests/Info.plist;
				LD_RUNPATH_SEARCH_PATHS = "$(inherited) @executable_path/Frameworks @loader_path/Frameworks";
				PRODUCT_BUNDLE_IDENTIFIER = "-20894159.ClassMateUITests";
				PRODUCT_NAME = "$(TARGET_NAME)";
				SWIFT_VERSION = 4.0;
				TARGETED_DEVICE_FAMILY = "1,2";
				TEST_TARGET_NAME = ClassMate;
			};
			name = Debug;
		};
		6059436A1FD492230093CB97 /* Release */ = {
			isa = XCBuildConfiguration;
			baseConfigurationReference = 2C177ACA7F8A37F3BDB8A0CD /* Pods-ClassMateUITests.release.xcconfig */;
			buildSettings = {
				ALWAYS_EMBED_SWIFT_STANDARD_LIBRARIES = YES;
				CODE_SIGN_STYLE = Automatic;
				DEVELOPMENT_TEAM = 5HCPS5THX6;
				INFOPLIST_FILE = ClassMateUITests/Info.plist;
				LD_RUNPATH_SEARCH_PATHS = "$(inherited) @executable_path/Frameworks @loader_path/Frameworks";
				PRODUCT_BUNDLE_IDENTIFIER = "-20894159.ClassMateUITests";
				PRODUCT_NAME = "$(TARGET_NAME)";
				SWIFT_VERSION = 4.0;
				TARGETED_DEVICE_FAMILY = "1,2";
				TEST_TARGET_NAME = ClassMate;
			};
			name = Release;
		};
/* End XCBuildConfiguration section */

/* Begin XCConfigurationList section */
		605943321FD492230093CB97 /* Build configuration list for PBXProject "ClassMate" */ = {
			isa = XCConfigurationList;
			buildConfigurations = (
				605943601FD492230093CB97 /* Debug */,
				605943611FD492230093CB97 /* Release */,
			);
			defaultConfigurationIsVisible = 0;
			defaultConfigurationName = Release;
		};
		605943621FD492230093CB97 /* Build configuration list for PBXNativeTarget "ClassMate" */ = {
			isa = XCConfigurationList;
			buildConfigurations = (
				605943631FD492230093CB97 /* Debug */,
				605943641FD492230093CB97 /* Release */,
			);
			defaultConfigurationIsVisible = 0;
			defaultConfigurationName = Release;
		};
		605943651FD492230093CB97 /* Build configuration list for PBXNativeTarget "ClassMateTests" */ = {
			isa = XCConfigurationList;
			buildConfigurations = (
				605943661FD492230093CB97 /* Debug */,
				605943671FD492230093CB97 /* Release */,
			);
			defaultConfigurationIsVisible = 0;
			defaultConfigurationName = Release;
		};
		605943681FD492230093CB97 /* Build configuration list for PBXNativeTarget "ClassMateUITests" */ = {
			isa = XCConfigurationList;
			buildConfigurations = (
				605943691FD492230093CB97 /* Debug */,
				6059436A1FD492230093CB97 /* Release */,
			);
			defaultConfigurationIsVisible = 0;
			defaultConfigurationName = Release;
		};
/* End XCConfigurationList section */

/* Begin XCVersionGroup section */
		605943411FD492230093CB97 /* ClassMate.xcdatamodeld */ = {
			isa = XCVersionGroup;
			children = (
				605943421FD492230093CB97 /* ClassMate.xcdatamodel */,
			);
			currentVersion = 605943421FD492230093CB97 /* ClassMate.xcdatamodel */;
			path = ClassMate.xcdatamodeld;
			sourceTree = "<group>";
			versionGroupType = wrapper.xcdatamodel;
		};
/* End XCVersionGroup section */
	};
	rootObject = 6059432F1FD492230093CB97 /* Project object */;
}
